<Solution>
  <Project Path="src/JevMud.Adapters/JevMud.Adapters.csproj" />
  <Project Path="src/JevMud.Client/JevMud.Client.csproj" />
  <Project Path="src/JevMud.Contracts/JevMud.Contracts.csproj" />
  <Project Path="src/JevMud.Core/JevMud.Core.csproj" />
  <Project Path="src/JevMud.Transport/JevMud.Transport.csproj" />
  <Project Path="src/JevMud.Jev/JevMud.Jev.csproj" />
  <Project Path="src/JevMud.Scripting/JevMud.Scripting.csproj" />
  <Project Path="src/JevMud.Scripting.Jint/JevMud.Scripting.Jint.csproj" />
  <Project Path="src/JevMud.Scripting.TypeScript/JevMud.Scripting.TypeScript.csproj" />
  <Project Path="src/JevMud.Gui/JevMud.Gui.csproj" />
  <Project Path="src/JevMud.Tui/JevMud.Tui.csproj" />
  <Project Path="tests/JevMud.Tests/JevMud.Tests.csproj" />
</Solution>
